# This file is autogenerated, do not edit; changes may be undone by the next 'dep ensure'.


[[projects]]
  digest = "1:9b8ee267e79a1730cde2e326cc53035913fce52ceef48142c24f3a15e3c65cb3"
  name = "github.com/nats-io/jwt"
  packages = ["."]
  pruneopts = "UT"
  revision = "0c3fc7aed8bb2534e7bfdf0968a75890402d48cd"
  version = "v0.3.2"

[[projects]]
  digest = "1:fabb58b7de2951b05fbe8e1f7c98e449f650883ac15763aeb54ab9afe7be20de"
  name = "github.com/nats-io/nats.go"
  packages = [
    ".",
    "encoders/builtin",
    "util",
  ]
  pruneopts = "UT"
  revision = "6063d679d23ae5b3edb4030d5e89a6e30ea53bc6"
  version = "v1.9.1"

[[projects]]
  digest = "1:229998a2544a3cc03959600ac0869eb2e0b6c2ec7a8999ff8dd98e5aa6d35d62"
  name = "github.com/nats-io/nkeys"
  packages = ["."]
  pruneopts = "UT"
  revision = "f1930e19b436412202ab130a733187cc6f40ba7e"
  version = "v0.1.3"

[[projects]]
  digest = "1:599f3202ce0a754144ddc4be4c6df9c6ab27b1d722a63ede6b2e0c3a2cc338a8"
  name = "github.com/nats-io/nuid"
  packages = ["."]
  pruneopts = "UT"
  revision = "4b96681fa6d28dd0ab5fe79bac63b3a493d9ee94"
  version = "v1.0.1"

[[projects]]
  digest = "1:23c090b7e676e1bb49ab9a87562156fd49d6f4cd28eabb1f23010695fbd1a325"
  name = "github.com/openfaas-incubator/connector-sdk"
  packages = ["types"]
  pruneopts = "UT"
  revision = "df5d76475412b74c3516ba912ae4522793780994"
  version = "0.5.5"

[[projects]]
  digest = "1:5ef12e7154e453638378dfc853ca53d2d775aee2d7a6da535df639d5933b39c7"
  name = "github.com/openfaas/faas-provider"
  packages = [
    "auth",
    "types",
  ]
  pruneopts = "UT"
  revision = "d6579bdcf7c85f4d01f398d65ea0cab37e9633d0"
  version = "0.13.3"

[[projects]]
  digest = "1:cf31692c14422fa27c83a05292eb5cbe0fb2775972e8f1f8446a71549bd8980b"
  name = "github.com/pkg/errors"
  packages = ["."]
  pruneopts = "UT"
  revision = "ba968bfe8b2f7e042a574c888954fccecfa385b4"
  version = "v0.8.1"

[[projects]]
  branch = "master"
  digest = "1:cd7e85fc3687e062714febdee3e8efeb00a413a2a620d28908fd0258261d2353"
  name = "golang.org/x/crypto"
  packages = [
    "ed25519",
    "ed25519/internal/edwards25519",
  ]
  pruneopts = "UT"
  revision = "53104e6ec876ad4e22ad27cce588b01392043c1b"

[solve-meta]
  analyzer-name = "dep"
  analyzer-version = 1
  input-imports = [
    "github.com/nats-io/nats.go",
    "github.com/openfaas-incubator/connector-sdk/types",
  ]
  solver-name = "gps-cdcl"
  solver-version = 1
